
Microsoft Visual Studio Solution File, Format Version 12.00
# Visual Studio Version 17
VisualStudioVersion = 17.13.35919.96 d17.13
MinimumVisualStudioVersion = 10.0.40219.1
Project("{FAE04EC0-301F-11D3-BF4B-00C04F79EFBC}") = "Alve Lektion - Dice Game", "Alve Lektion - Dice Game\Alve Lektion - Dice Game.csproj", "{4D283ECC-9073-4068-94A5-7CCB6EE628AD}"
EndProject
Global
	GlobalSection(SolutionConfigurationPlatforms) = preSolution
		Debug|Any CPU = Debug|Any CPU
		Release|Any CPU = Release|Any CPU
	EndGlobalSection
	GlobalSection(ProjectConfigurationPlatforms) = postSolution
		{4D283ECC-9073-4068-94A5-7CCB6EE628AD}.Debug|Any CPU.ActiveCfg = Debug|Any CPU
		{4D283ECC-9073-4068-94A5-7CCB6EE628AD}.Debug|Any CPU.Build.0 = Debug|Any CPU
		{4D283ECC-9073-4068-94A5-7CCB6EE628AD}.Release|Any CPU.ActiveCfg = Release|Any CPU
		{4D283ECC-9073-4068-94A5-7CCB6EE628AD}.Release|Any CPU.Build.0 = Release|Any CPU
	EndGlobalSection
	GlobalSection(SolutionProperties) = preSolution
		HideSolutionNode = FALSE
	EndGlobalSection
	GlobalSection(ExtensibilityGlobals) = postSolution
		SolutionGuid = {22D0D701-A87A-4923-B959-F8C449E54D9B}
	EndGlobalSection
EndGlobal
